
Microsoft Visual Studio Solution File, Format Version 12.00
# Visual Studio Version 17
VisualStudioVersion = 17.8.34330.188
MinimumVisualStudioVersion = 10.0.40219.1
Project("{9A19103F-16F7-4668-BE54-9A1E7A4F7556}") = "DataAccess", "DataAccess\DataAccess.csproj", "{7D7E9867-E76A-4109-9E85-D348520B9E44}"
EndProject
Project("{9A19103F-16F7-4668-BE54-9A1E7A4F7556}") = "ParkingApp", "ParkingApp\ParkingApp.csproj", "{D00AE2E5-B153-4450-905E-B0ABF699A159}"
EndProject
Project("{9A19103F-16F7-4668-BE54-9A1E7A4F7556}") = "Repository", "Repository\Repository.csproj", "{2FC60383-595D-4E53-8C06-1C3A1F7607D9}"
EndProject
Project("{FAE04EC0-301F-11D3-BF4B-00C04F79EFBC}") = "_ViewModel", "_ViewModel\_ViewModel.csproj", "{89FE7C09-17DC-473D-9223-BD32D3ADD989}"
EndProject
Global
	GlobalSection(SolutionConfigurationPlatforms) = preSolution
		Debug|Any CPU = Debug|Any CPU
		Release|Any CPU = Release|Any CPU
	EndGlobalSection
	GlobalSection(ProjectConfigurationPlatforms) = postSolution
		{7D7E9867-E76A-4109-9E85-D348520B9E44}.Debug|Any CPU.ActiveCfg = Debug|Any CPU
		{7D7E9867-E76A-4109-9E85-D348520B9E44}.Debug|Any CPU.Build.0 = Debug|Any CPU
		{7D7E9867-E76A-4109-9E85-D348520B9E44}.Release|Any CPU.ActiveCfg = Release|Any CPU
		{7D7E9867-E76A-4109-9E85-D348520B9E44}.Release|Any CPU.Build.0 = Release|Any CPU
		{D00AE2E5-B153-4450-905E-B0ABF699A159}.Debug|Any CPU.ActiveCfg = Debug|Any CPU
		{D00AE2E5-B153-4450-905E-B0ABF699A159}.Debug|Any CPU.Build.0 = Debug|Any CPU
		{D00AE2E5-B153-4450-905E-B0ABF699A159}.Release|Any CPU.ActiveCfg = Release|Any CPU
		{D00AE2E5-B153-4450-905E-B0ABF699A159}.Release|Any CPU.Build.0 = Release|Any CPU
		{2FC60383-595D-4E53-8C06-1C3A1F7607D9}.Debug|Any CPU.ActiveCfg = Debug|Any CPU
		{2FC60383-595D-4E53-8C06-1C3A1F7607D9}.Debug|Any CPU.Build.0 = Debug|Any CPU
		{2FC60383-595D-4E53-8C06-1C3A1F7607D9}.Release|Any CPU.ActiveCfg = Release|Any CPU
		{2FC60383-595D-4E53-8C06-1C3A1F7607D9}.Release|Any CPU.Build.0 = Release|Any CPU
		{89FE7C09-17DC-473D-9223-BD32D3ADD989}.Debug|Any CPU.ActiveCfg = Debug|Any CPU
		{89FE7C09-17DC-473D-9223-BD32D3ADD989}.Debug|Any CPU.Build.0 = Debug|Any CPU
		{89FE7C09-17DC-473D-9223-BD32D3ADD989}.Release|Any CPU.ActiveCfg = Release|Any CPU
		{89FE7C09-17DC-473D-9223-BD32D3ADD989}.Release|Any CPU.Build.0 = Release|Any CPU
	EndGlobalSection
	GlobalSection(SolutionProperties) = preSolution
		HideSolutionNode = FALSE
	EndGlobalSection
	GlobalSection(ExtensibilityGlobals) = postSolution
		SolutionGuid = {BB972C68-7E42-4E3E-891B-BE32B253F677}
	EndGlobalSection
EndGlobal
